{
  "originHash" : "e941fba09fddda475dc7b3c543c7b12a983702a4de87c5b46793c76c77ec77ee",
  "pins" : [
    {
      "identity" : "mapbox-common-ios",
      "kind" : "remoteSourceControl",
      "location" : "https://github.com/mapbox/mapbox-common-ios.git",
      "state" : {
        "revision" : "fb04cb619192455fbcb46efdb8c19d6f9e1433a9",
        "version" : "23.11.4"
      }
    },
    {
      "identity" : "mapbox-core-maps-ios",
      "kind" : "remoteSourceControl",
      "location" : "https://github.com/mapbox/mapbox-core-maps-ios.git",
      "state" : {
        "revision" : "95bb164a4ca016cb6fce3cdfb13c4902bf8b8c18",
        "version" : "10.19.2"
      }
    },
    {
      "identity" : "mapbox-directions-swift",
      "kind" : "remoteSourceControl",
      "location" : "https://github.com/mapbox/mapbox-directions-swift.git",
      "state" : {
        "revision" : "6512320ee7f0091a4c55abe2bc6414f078da88c8",
        "version" : "2.14.0"
      }
    },
    {
      "identity" : "mapbox-maps-ios",
      "kind" : "remoteSourceControl",
      "location" : "https://github.com/mapbox/mapbox-maps-ios",
      "state" : {
        "revision" : "27d8d1c68455ef5f271ab07ce8da7a0b410b6688",
        "version" : "10.19.4"
      }
    },
    {
      "identity" : "polyline",
      "kind" : "remoteSourceControl",
      "location" : "https://github.com/raphaelmor/Polyline.git",
      "state" : {
        "revision" : "353f80378dcd8f17eefe8550090c6b1ae3c9da23",
        "version" : "5.1.0"
      }
    },
    {
      "identity" : "swift-argument-parser",
      "kind" : "remoteSourceControl",
      "location" : "https://github.com/apple/swift-argument-parser",
      "state" : {
        "revision" : "011f0c765fb46d9cac61bca19be0527e99c98c8b",
        "version" : "1.5.1"
      }
    },
    {
      "identity" : "turf-swift",
      "kind" : "remoteSourceControl",
      "location" : "https://github.com/mapbox/turf-swift.git",
      "state" : {
        "revision" : "213050191cfcb3d5aa76e1fa90c6ff1e182a42ca",
        "version" : "2.8.0"
      }
    }
  ],
  "version" : 3
}
