// !$*UTF8*$!
{
	archiveVersion = 1;
	classes = {
	};
	objectVersion = 77;
	objects = {

/* Begin PBXBuildFile section */
		5810F68F2DFDF2D50047AB4F /* MapboxMaps in Frameworks */ = {isa = PBXBuildFile; productRef = 5810F68E2DFDF2D50047AB4F /* MapboxMaps */; };
		5810F6912DFDF2FF0047AB4F /* MapboxNavigation in Frameworks */ = {isa = PBXBuildFile; productRef = 5810F6902DFDF2FF0047AB4F /* MapboxNavigation */; };
		5810F6932DFDF3030047AB4F /* MapboxCoreNavigation in Frameworks */ = {isa = PBXBuildFile; productRef = 5810F6922DFDF3030047AB4F /* MapboxCoreNavigation */; };
/* End PBXBuildFile section */

/* Begin PBXContainerItemProxy section */
		586E7ED62D9F283B001AA092 /* PBXContainerItemProxy */ = {
			isa = PBXContainerItemProxy;
			containerPortal = 586E7EBD2D9F2839001AA092 /* Project object */;
			proxyType = 1;
			remoteGlobalIDString = 586E7EC42D9F2839001AA092;
			remoteInfo = CircleRun;
		};
		586E7EE02D9F283B001AA092 /* PBXContainerItemProxy */ = {
			isa = PBXContainerItemProxy;
			containerPortal = 586E7EBD2D9F2839001AA092 /* Project object */;
			proxyType = 1;
			remoteGlobalIDString = 586E7EC42D9F2839001AA092;
			remoteInfo = CircleRun;
		};
/* End PBXContainerItemProxy section */

/* Begin PBXCopyFilesBuildPhase section */
		580402412DE0FE5600A02939 /* Embed Watch Content */ = {
			isa = PBXCopyFilesBuildPhase;
			buildActionMask = 2147483647;
			dstPath = "$(CONTENTS_FOLDER_PATH)/Watch";
			dstSubfolderSpec = 16;
			files = (
			);
			name = "Embed Watch Content";
			runOnlyForDeploymentPostprocessing = 0;
		};
		5864FE762DFBD12900B7ABC2 /* Embed Frameworks */ = {
			isa = PBXCopyFilesBuildPhase;
			buildActionMask = 2147483647;
			dstPath = "";
			dstSubfolderSpec = 10;
			files = (
			);
			name = "Embed Frameworks";
			runOnlyForDeploymentPostprocessing = 0;
		};
/* End PBXCopyFilesBuildPhase section */

/* Begin PBXFileReference section */
		586E7EC52D9F2839001AA092 /* CircleRun.app */ = {isa = PBXFileReference; explicitFileType = wrapper.application; includeInIndex = 0; path = CircleRun.app; sourceTree = BUILT_PRODUCTS_DIR; };
		586E7ED52D9F283B001AA092 /* CircleRunTests.xctest */ = {isa = PBXFileReference; explicitFileType = wrapper.cfbundle; includeInIndex = 0; path = CircleRunTests.xctest; sourceTree = BUILT_PRODUCTS_DIR; };
		586E7EDF2D9F283B001AA092 /* CircleRunUITests.xctest */ = {isa = PBXFileReference; explicitFileType = wrapper.cfbundle; includeInIndex = 0; path = CircleRunUITests.xctest; sourceTree = BUILT_PRODUCTS_DIR; };
/* End PBXFileReference section */

/* Begin PBXFileSystemSynchronizedBuildFileExceptionSet section */
		5864FDAF2DFBCC9700B7ABC2 /* Exceptions for "CircleRun" folder in "CircleRun" target */ = {
			isa = PBXFileSystemSynchronizedBuildFileExceptionSet;
			membershipExceptions = (
				Info.plist,
			);
			target = 586E7EC42D9F2839001AA092 /* CircleRun */;
		};
/* End PBXFileSystemSynchronizedBuildFileExceptionSet section */

/* Begin PBXFileSystemSynchronizedRootGroup section */
		58097E012DF1E5B70021A24D /* CircleRun */ = {
			isa = PBXFileSystemSynchronizedRootGroup;
			exceptions = (
				5864FDAF2DFBCC9700B7ABC2 /* Exceptions for "CircleRun" folder in "CircleRun" target */,
			);
			path = CircleRun;
			sourceTree = "<group>";
		};
		586E7ED82D9F283B001AA092 /* CircleRunTests */ = {
			isa = PBXFileSystemSynchronizedRootGroup;
			path = CircleRunTests;
			sourceTree = "<group>";
		};
		586E7EE22D9F283B001AA092 /* CircleRunUITests */ = {
			isa = PBXFileSystemSynchronizedRootGroup;
			path = CircleRunUITests;
			sourceTree = "<group>";
		};
/* End PBXFileSystemSynchronizedRootGroup section */

/* Begin PBXFrameworksBuildPhase section */
		586E7EC22D9F2839001AA092 /* Frameworks */ = {
			isa = PBXFrameworksBuildPhase;
			buildActionMask = 2147483647;
			files = (
				5810F68F2DFDF2D50047AB4F /* MapboxMaps in Frameworks */,
				5810F6932DFDF3030047AB4F /* MapboxCoreNavigation in Frameworks */,
				5810F6912DFDF2FF0047AB4F /* MapboxNavigation in Frameworks */,
			);
			runOnlyForDeploymentPostprocessing = 0;
		};
		586E7ED22D9F283B001AA092 /* Frameworks */ = {
			isa = PBXFrameworksBuildPhase;
			buildActionMask = 2147483647;
			files = (
			);
			runOnlyForDeploymentPostprocessing = 0;
		};
		586E7EDC2D9F283B001AA092 /* Frameworks */ = {
			isa = PBXFrameworksBuildPhase;
			buildActionMask = 2147483647;
			files = (
			);
			runOnlyForDeploymentPostprocessing = 0;
		};
/* End PBXFrameworksBuildPhase section */

/* Begin PBXGroup section */
		1A0665D797223E8C2C29AA9C /* Frameworks */ = {
			isa = PBXGroup;
			children = (
			);
			name = Frameworks;
			sourceTree = "<group>";
		};
		586E7EBC2D9F2839001AA092 = {
			isa = PBXGroup;
			children = (
				58097E012DF1E5B70021A24D /* CircleRun */,
				586E7ED82D9F283B001AA092 /* CircleRunTests */,
				586E7EE22D9F283B001AA092 /* CircleRunUITests */,
				586E7EC62D9F2839001AA092 /* Products */,
				1A0665D797223E8C2C29AA9C /* Frameworks */,
			);
			sourceTree = "<group>";
		};
		586E7EC62D9F2839001AA092 /* Products */ = {
			isa = PBXGroup;
			children = (
				586E7EC52D9F2839001AA092 /* CircleRun.app */,
				586E7ED52D9F283B001AA092 /* CircleRunTests.xctest */,
				586E7EDF2D9F283B001AA092 /* CircleRunUITests.xctest */,
			);
			name = Products;
			sourceTree = "<group>";
		};
/* End PBXGroup section */

/* Begin PBXNativeTarget section */
		586E7EC42D9F2839001AA092 /* CircleRun */ = {
			isa = PBXNativeTarget;
			buildConfigurationList = 586E7EE92D9F283B001AA092 /* Build configuration list for PBXNativeTarget "CircleRun" */;
			buildPhases = (
				586E7EC12D9F2839001AA092 /* Sources */,
				586E7EC22D9F2839001AA092 /* Frameworks */,
				586E7EC32D9F2839001AA092 /* Resources */,
				580402412DE0FE5600A02939 /* Embed Watch Content */,
				5864FE762DFBD12900B7ABC2 /* Embed Frameworks */,
			);
			buildRules = (
			);
			dependencies = (
			);
			fileSystemSynchronizedGroups = (
				58097E012DF1E5B70021A24D /* CircleRun */,
			);
			name = CircleRun;
			productName = CircleRun;
			productReference = 586E7EC52D9F2839001AA092 /* CircleRun.app */;
			productType = "com.apple.product-type.application";
		};
		586E7ED42D9F283B001AA092 /* CircleRunTests */ = {
			isa = PBXNativeTarget;
			buildConfigurationList = 586E7EEC2D9F283B001AA092 /* Build configuration list for PBXNativeTarget "CircleRunTests" */;
			buildPhases = (
				3E45F174DE5DE7C3DD48DC46 /* [CP] Check Pods Manifest.lock */,
				586E7ED12D9F283B001AA092 /* Sources */,
				586E7ED22D9F283B001AA092 /* Frameworks */,
				586E7ED32D9F283B001AA092 /* Resources */,
			);
			buildRules = (
			);
			dependencies = (
				586E7ED72D9F283B001AA092 /* PBXTargetDependency */,
			);
			fileSystemSynchronizedGroups = (
				586E7ED82D9F283B001AA092 /* CircleRunTests */,
			);
			name = CircleRunTests;
			productName = CircleRunTests;
			productReference = 586E7ED52D9F283B001AA092 /* CircleRunTests.xctest */;
			productType = "com.apple.product-type.bundle.unit-test";
		};
		586E7EDE2D9F283B001AA092 /* CircleRunUITests */ = {
			isa = PBXNativeTarget;
			buildConfigurationList = 586E7EEF2D9F283B001AA092 /* Build configuration list for PBXNativeTarget "CircleRunUITests" */;
			buildPhases = (
				CCA80DACC471B925427F71E2 /* [CP] Check Pods Manifest.lock */,
				586E7EDB2D9F283B001AA092 /* Sources */,
				586E7EDC2D9F283B001AA092 /* Frameworks */,
				586E7EDD2D9F283B001AA092 /* Resources */,
				32C8C040215C89C90A6981E6 /* [CP] Embed Pods Frameworks */,
			);
			buildRules = (
			);
			dependencies = (
				586E7EE12D9F283B001AA092 /* PBXTargetDependency */,
			);
			fileSystemSynchronizedGroups = (
				586E7EE22D9F283B001AA092 /* CircleRunUITests */,
			);
			name = CircleRunUITests;
			productName = CircleRunUITests;
			productReference = 586E7EDF2D9F283B001AA092 /* CircleRunUITests.xctest */;
			productType = "com.apple.product-type.bundle.ui-testing";
		};
/* End PBXNativeTarget section */

/* Begin PBXProject section */
		586E7EBD2D9F2839001AA092 /* Project object */ = {
			isa = PBXProject;
			attributes = {
				BuildIndependentTargetsInParallel = 1;
				LastSwiftUpdateCheck = 1610;
				LastUpgradeCheck = 1610;
				TargetAttributes = {
					586E7EC42D9F2839001AA092 = {
						CreatedOnToolsVersion = 16.1;
					};
					586E7ED42D9F283B001AA092 = {
						CreatedOnToolsVersion = 16.1;
						TestTargetID = 586E7EC42D9F2839001AA092;
					};
					586E7EDE2D9F283B001AA092 = {
						CreatedOnToolsVersion = 16.1;
						TestTargetID = 586E7EC42D9F2839001AA092;
					};
				};
			};
			buildConfigurationList = 586E7EC02D9F2839001AA092 /* Build configuration list for PBXProject "CircleRun" */;
			developmentRegion = en;
			hasScannedForEncodings = 0;
			knownRegions = (
				en,
				Base,
			);
			mainGroup = 586E7EBC2D9F2839001AA092;
			minimizedProjectReferenceProxies = 1;
			packageReferences = (
				5853B4642DFDE9FB005B8B8D /* XCRemoteSwiftPackageReference "mapbox-maps-ios" */,
				5823C5512DFDEC44005E00A4 /* XCRemoteSwiftPackageReference "mapbox-navigation-ios" */,
			);
			preferredProjectObjectVersion = 77;
			productRefGroup = 586E7EC62D9F2839001AA092 /* Products */;
			projectDirPath = "";
			projectRoot = "";
			targets = (
				586E7EC42D9F2839001AA092 /* CircleRun */,
				586E7ED42D9F283B001AA092 /* CircleRunTests */,
				586E7EDE2D9F283B001AA092 /* CircleRunUITests */,
			);
		};
/* End PBXProject section */

/* Begin PBXResourcesBuildPhase section */
		586E7EC32D9F2839001AA092 /* Resources */ = {
			isa = PBXResourcesBuildPhase;
			buildActionMask = 2147483647;
			files = (
			);
			runOnlyForDeploymentPostprocessing = 0;
		};
		586E7ED32D9F283B001AA092 /* Resources */ = {
			isa = PBXResourcesBuildPhase;
			buildActionMask = 2147483647;
			files = (
			);
			runOnlyForDeploymentPostprocessing = 0;
		};
		586E7EDD2D9F283B001AA092 /* Resources */ = {
			isa = PBXResourcesBuildPhase;
			buildActionMask = 2147483647;
			files = (
			);
			runOnlyForDeploymentPostprocessing = 0;
		};
/* End PBXResourcesBuildPhase section */

/* Begin PBXShellScriptBuildPhase section */
		32C8C040215C89C90A6981E6 /* [CP] Embed Pods Frameworks */ = {
			isa = PBXShellScriptBuildPhase;
			buildActionMask = 2147483647;
			files = (
			);
			inputFileListPaths = (
				"${PODS_ROOT}/Target Support Files/Pods-CircleRun-CircleRunUITests/Pods-CircleRun-CircleRunUITests-frameworks-${CONFIGURATION}-input-files.xcfilelist",
			);
			inputPaths = (
			);
			name = "[CP] Embed Pods Frameworks";
			outputFileListPaths = (
				"${PODS_ROOT}/Target Support Files/Pods-CircleRun-CircleRunUITests/Pods-CircleRun-CircleRunUITests-frameworks-${CONFIGURATION}-output-files.xcfilelist",
			);
			outputPaths = (
			);
			runOnlyForDeploymentPostprocessing = 0;
			shellPath = /bin/sh;
			shellScript = "\"${PODS_ROOT}/Target Support Files/Pods-CircleRun-CircleRunUITests/Pods-CircleRun-CircleRunUITests-frameworks.sh\"\n";
			showEnvVarsInLog = 0;
		};
		3E45F174DE5DE7C3DD48DC46 /* [CP] Check Pods Manifest.lock */ = {
			isa = PBXShellScriptBuildPhase;
			buildActionMask = 2147483647;
			files = (
			);
			inputFileListPaths = (
			);
			inputPaths = (
				"${PODS_PODFILE_DIR_PATH}/Podfile.lock",
				"${PODS_ROOT}/Manifest.lock",
			);
			name = "[CP] Check Pods Manifest.lock";
			outputFileListPaths = (
			);
			outputPaths = (
				"$(DERIVED_FILE_DIR)/Pods-CircleRunTests-checkManifestLockResult.txt",
			);
			runOnlyForDeploymentPostprocessing = 0;
			shellPath = /bin/sh;
			shellScript = "diff \"${PODS_PODFILE_DIR_PATH}/Podfile.lock\" \"${PODS_ROOT}/Manifest.lock\" > /dev/null\nif [ $? != 0 ] ; then\n    # print error to STDERR\n    echo \"error: The sandbox is not in sync with the Podfile.lock. Run 'pod install' or update your CocoaPods installation.\" >&2\n    exit 1\nfi\n# This output is used by Xcode 'outputs' to avoid re-running this script phase.\necho \"SUCCESS\" > \"${SCRIPT_OUTPUT_FILE_0}\"\n";
			showEnvVarsInLog = 0;
		};
		CCA80DACC471B925427F71E2 /* [CP] Check Pods Manifest.lock */ = {
			isa = PBXShellScriptBuildPhase;
			buildActionMask = 2147483647;
			files = (
			);
			inputFileListPaths = (
			);
			inputPaths = (
				"${PODS_PODFILE_DIR_PATH}/Podfile.lock",
				"${PODS_ROOT}/Manifest.lock",
			);
			name = "[CP] Check Pods Manifest.lock";
			outputFileListPaths = (
			);
			outputPaths = (
				"$(DERIVED_FILE_DIR)/Pods-CircleRun-CircleRunUITests-checkManifestLockResult.txt",
			);
			runOnlyForDeploymentPostprocessing = 0;
			shellPath = /bin/sh;
			shellScript = "diff \"${PODS_PODFILE_DIR_PATH}/Podfile.lock\" \"${PODS_ROOT}/Manifest.lock\" > /dev/null\nif [ $? != 0 ] ; then\n    # print error to STDERR\n    echo \"error: The sandbox is not in sync with the Podfile.lock. Run 'pod install' or update your CocoaPods installation.\" >&2\n    exit 1\nfi\n# This output is used by Xcode 'outputs' to avoid re-running this script phase.\necho \"SUCCESS\" > \"${SCRIPT_OUTPUT_FILE_0}\"\n";
			showEnvVarsInLog = 0;
		};
/* End PBXShellScriptBuildPhase section */

/* Begin PBXSourcesBuildPhase section */
		586E7EC12D9F2839001AA092 /* Sources */ = {
			isa = PBXSourcesBuildPhase;
			buildActionMask = 2147483647;
			files = (
			);
			runOnlyForDeploymentPostprocessing = 0;
		};
		586E7ED12D9F283B001AA092 /* Sources */ = {
			isa = PBXSourcesBuildPhase;
			buildActionMask = 2147483647;
			files = (
			);
			runOnlyForDeploymentPostprocessing = 0;
		};
		586E7EDB2D9F283B001AA092 /* Sources */ = {
			isa = PBXSourcesBuildPhase;
			buildActionMask = 2147483647;
			files = (
			);
			runOnlyForDeploymentPostprocessing = 0;
		};
/* End PBXSourcesBuildPhase section */

/* Begin PBXTargetDependency section */
		586E7ED72D9F283B001AA092 /* PBXTargetDependency */ = {
			isa = PBXTargetDependency;
			target = 586E7EC42D9F2839001AA092 /* CircleRun */;
			targetProxy = 586E7ED62D9F283B001AA092 /* PBXContainerItemProxy */;
		};
		586E7EE12D9F283B001AA092 /* PBXTargetDependency */ = {
			isa = PBXTargetDependency;
			target = 586E7EC42D9F2839001AA092 /* CircleRun */;
			targetProxy = 586E7EE02D9F283B001AA092 /* PBXContainerItemProxy */;
		};
/* End PBXTargetDependency section */

/* Begin XCBuildConfiguration section */
		586E7EE72D9F283B001AA092 /* Debug */ = {
			isa = XCBuildConfiguration;
			buildSettings = {
				ALWAYS_SEARCH_USER_PATHS = NO;
				ASSETCATALOG_COMPILER_GENERATE_SWIFT_ASSET_SYMBOL_EXTENSIONS = YES;
				CLANG_ANALYZER_NONNULL = YES;
				CLANG_ANALYZER_NUMBER_OBJECT_CONVERSION = YES_AGGRESSIVE;
				CLANG_CXX_LANGUAGE_STANDARD = "gnu++20";
				CLANG_ENABLE_MODULES = YES;
				CLANG_ENABLE_OBJC_ARC = YES;
				CLANG_ENABLE_OBJC_WEAK = YES;
				CLANG_WARN_BLOCK_CAPTURE_AUTORELEASING = YES;
				CLANG_WARN_BOOL_CONVERSION = YES;
				CLANG_WARN_COMMA = YES;
				CLANG_WARN_CONSTANT_CONVERSION = YES;
				CLANG_WARN_DEPRECATED_OBJC_IMPLEMENTATIONS = YES;
				CLANG_WARN_DIRECT_OBJC_ISA_USAGE = YES_ERROR;
				CLANG_WARN_DOCUMENTATION_COMMENTS = YES;
				CLANG_WARN_EMPTY_BODY = YES;
				CLANG_WARN_ENUM_CONVERSION = YES;
				CLANG_WARN_INFINITE_RECURSION = YES;
				CLANG_WARN_INT_CONVERSION = YES;
				CLANG_WARN_NON_LITERAL_NULL_CONVERSION = YES;
				CLANG_WARN_OBJC_IMPLICIT_RETAIN_SELF = YES;
				CLANG_WARN_OBJC_LITERAL_CONVERSION = YES;
				CLANG_WARN_OBJC_ROOT_CLASS = YES_ERROR;
				CLANG_WARN_QUOTED_INCLUDE_IN_FRAMEWORK_HEADER = YES;
				CLANG_WARN_RANGE_LOOP_ANALYSIS = YES;
				CLANG_WARN_STRICT_PROTOTYPES = YES;
				CLANG_WARN_SUSPICIOUS_MOVE = YES;
				CLANG_WARN_UNGUARDED_AVAILABILITY = YES_AGGRESSIVE;
				CLANG_WARN_UNREACHABLE_CODE = YES;
				CLANG_WARN__DUPLICATE_METHOD_MATCH = YES;
				COPY_PHASE_STRIP = NO;
				DEBUG_INFORMATION_FORMAT = dwarf;
				ENABLE_STRICT_OBJC_MSGSEND = YES;
				ENABLE_TESTABILITY = YES;
				ENABLE_USER_SCRIPT_SANDBOXING = YES;
				GCC_C_LANGUAGE_STANDARD = gnu17;
				GCC_DYNAMIC_NO_PIC = NO;
				GCC_NO_COMMON_BLOCKS = YES;
				GCC_OPTIMIZATION_LEVEL = 0;
				GCC_PREPROCESSOR_DEFINITIONS = (
					"DEBUG=1",
					"$(inherited)",
				);
				GCC_WARN_64_TO_32_BIT_CONVERSION = YES;
				GCC_WARN_ABOUT_RETURN_TYPE = YES_ERROR;
				GCC_WARN_UNDECLARED_SELECTOR = YES;
				GCC_WARN_UNINITIALIZED_AUTOS = YES_AGGRESSIVE;
				GCC_WARN_UNUSED_FUNCTION = YES;
				GCC_WARN_UNUSED_VARIABLE = YES;
				IPHONEOS_DEPLOYMENT_TARGET = 18.1;
				LOCALIZATION_PREFERS_STRING_CATALOGS = YES;
				MTL_ENABLE_DEBUG_INFO = INCLUDE_SOURCE;
				MTL_FAST_MATH = YES;
				ONLY_ACTIVE_ARCH = YES;
				SDKROOT = iphoneos;
				SWIFT_ACTIVE_COMPILATION_CONDITIONS = "DEBUG $(inherited)";
				SWIFT_OPTIMIZATION_LEVEL = "-Onone";
			};
			name = Debug;
		};
		586E7EE82D9F283B001AA092 /* Release */ = {
			isa = XCBuildConfiguration;
			buildSettings = {
				ALWAYS_SEARCH_USER_PATHS = NO;
				ASSETCATALOG_COMPILER_GENERATE_SWIFT_ASSET_SYMBOL_EXTENSIONS = YES;
				CLANG_ANALYZER_NONNULL = YES;
				CLANG_ANALYZER_NUMBER_OBJECT_CONVERSION = YES_AGGRESSIVE;
				CLANG_CXX_LANGUAGE_STANDARD = "gnu++20";
				CLANG_ENABLE_MODULES = YES;
				CLANG_ENABLE_OBJC_ARC = YES;
				CLANG_ENABLE_OBJC_WEAK = YES;
				CLANG_WARN_BLOCK_CAPTURE_AUTORELEASING = YES;
				CLANG_WARN_BOOL_CONVERSION = YES;
				CLANG_WARN_COMMA = YES;
				CLANG_WARN_CONSTANT_CONVERSION = YES;
				CLANG_WARN_DEPRECATED_OBJC_IMPLEMENTATIONS = YES;
				CLANG_WARN_DIRECT_OBJC_ISA_USAGE = YES_ERROR;
				CLANG_WARN_DOCUMENTATION_COMMENTS = YES;
				CLANG_WARN_EMPTY_BODY = YES;
				CLANG_WARN_ENUM_CONVERSION = YES;
				CLANG_WARN_INFINITE_RECURSION = YES;
				CLANG_WARN_INT_CONVERSION = YES;
				CLANG_WARN_NON_LITERAL_NULL_CONVERSION = YES;
				CLANG_WARN_OBJC_IMPLICIT_RETAIN_SELF = YES;
				CLANG_WARN_OBJC_LITERAL_CONVERSION = YES;
				CLANG_WARN_OBJC_ROOT_CLASS = YES_ERROR;
				CLANG_WARN_QUOTED_INCLUDE_IN_FRAMEWORK_HEADER = YES;
				CLANG_WARN_RANGE_LOOP_ANALYSIS = YES;
				CLANG_WARN_STRICT_PROTOTYPES = YES;
				CLANG_WARN_SUSPICIOUS_MOVE = YES;
				CLANG_WARN_UNGUARDED_AVAILABILITY = YES_AGGRESSIVE;
				CLANG_WARN_UNREACHABLE_CODE = YES;
				CLANG_WARN__DUPLICATE_METHOD_MATCH = YES;
				COPY_PHASE_STRIP = NO;
				DEBUG_INFORMATION_FORMAT = "dwarf-with-dsym";
				ENABLE_NS_ASSERTIONS = NO;
				ENABLE_STRICT_OBJC_MSGSEND = YES;
				ENABLE_USER_SCRIPT_SANDBOXING = YES;
				GCC_C_LANGUAGE_STANDARD = gnu17;
				GCC_NO_COMMON_BLOCKS = YES;
				GCC_WARN_64_TO_32_BIT_CONVERSION = YES;
				GCC_WARN_ABOUT_RETURN_TYPE = YES_ERROR;
				GCC_WARN_UNDECLARED_SELECTOR = YES;
				GCC_WARN_UNINITIALIZED_AUTOS = YES_AGGRESSIVE;
				GCC_WARN_UNUSED_FUNCTION = YES;
				GCC_WARN_UNUSED_VARIABLE = YES;
				IPHONEOS_DEPLOYMENT_TARGET = 18.1;
				LOCALIZATION_PREFERS_STRING_CATALOGS = YES;
				MTL_ENABLE_DEBUG_INFO = NO;
				MTL_FAST_MATH = YES;
				SDKROOT = iphoneos;
				SWIFT_COMPILATION_MODE = wholemodule;
				VALIDATE_PRODUCT = YES;
			};
			name = Release;
		};
		586E7EEA2D9F283B001AA092 /* Debug */ = {
			isa = XCBuildConfiguration;
			buildSettings = {
				ASSETCATALOG_COMPILER_APPICON_NAME = "AppIcon 1";
				ASSETCATALOG_COMPILER_GLOBAL_ACCENT_COLOR_NAME = AccentColor;
				ASSETCATALOG_COMPILER_INCLUDE_ALL_APPICON_ASSETS = YES;
				CODE_SIGN_STYLE = Automatic;
				CURRENT_PROJECT_VERSION = 1;
				DEVELOPMENT_ASSET_PATHS = "\"CircleRun/Preview Content\"";
				DEVELOPMENT_TEAM = 89M787347K;
				ENABLE_PREVIEWS = YES;
				GENERATE_INFOPLIST_FILE = YES;
				INFOPLIST_FILE = CircleRun/Info.plist;
				INFOPLIST_KEY_CFBundleDisplayName = Circular;
				INFOPLIST_KEY_NSHealthUpdateUsageDescription = "Health Updates Access";
				INFOPLIST_KEY_NSLocationAlwaysAndWhenInUseUsageDescription = "Show the real time user location";
				INFOPLIST_KEY_NSLocationWhenInUseUsageDescription = "Real Time User Location Updates";
				INFOPLIST_KEY_NSMotionUsageDescription = "Get physical activity data";
				INFOPLIST_KEY_UIApplicationSceneManifest_Generation = YES;
				INFOPLIST_KEY_UIApplicationSupportsIndirectInputEvents = YES;
				INFOPLIST_KEY_UILaunchScreen_Generation = YES;
				INFOPLIST_KEY_UISupportedInterfaceOrientations_iPad = "UIInterfaceOrientationPortrait UIInterfaceOrientationPortraitUpsideDown UIInterfaceOrientationLandscapeLeft UIInterfaceOrientationLandscapeRight";
				INFOPLIST_KEY_UISupportedInterfaceOrientations_iPhone = "UIInterfaceOrientationPortrait UIInterfaceOrientationLandscapeLeft UIInterfaceOrientationLandscapeRight";
				LD_RUNPATH_SEARCH_PATHS = (
					"$(inherited)",
					"@executable_path/Frameworks",
				);
				MARKETING_VERSION = 1.0;
				PRODUCT_BUNDLE_IDENTIFIER = Network.CircleRun;
				PRODUCT_NAME = "$(TARGET_NAME)";
				SWIFT_EMIT_LOC_STRINGS = YES;
				SWIFT_VERSION = 5.0;
				TARGETED_DEVICE_FAMILY = "1,2";
			};
			name = Debug;
		};
		586E7EEB2D9F283B001AA092 /* Release */ = {
			isa = XCBuildConfiguration;
			buildSettings = {
				ASSETCATALOG_COMPILER_APPICON_NAME = "AppIcon 1";
				ASSETCATALOG_COMPILER_GLOBAL_ACCENT_COLOR_NAME = AccentColor;
				ASSETCATALOG_COMPILER_INCLUDE_ALL_APPICON_ASSETS = YES;
				CODE_SIGN_STYLE = Automatic;
				CURRENT_PROJECT_VERSION = 1;
				DEVELOPMENT_ASSET_PATHS = "\"CircleRun/Preview Content\"";
				DEVELOPMENT_TEAM = 89M787347K;
				ENABLE_PREVIEWS = YES;
				GENERATE_INFOPLIST_FILE = YES;
				INFOPLIST_FILE = CircleRun/Info.plist;
				INFOPLIST_KEY_CFBundleDisplayName = Circular;
				INFOPLIST_KEY_NSHealthUpdateUsageDescription = "Health Updates Access";
				INFOPLIST_KEY_NSLocationAlwaysAndWhenInUseUsageDescription = "Show the real time user location";
				INFOPLIST_KEY_NSLocationWhenInUseUsageDescription = "Real Time User Location Updates";
				INFOPLIST_KEY_NSMotionUsageDescription = "Get physical activity data";
				INFOPLIST_KEY_UIApplicationSceneManifest_Generation = YES;
				INFOPLIST_KEY_UIApplicationSupportsIndirectInputEvents = YES;
				INFOPLIST_KEY_UILaunchScreen_Generation = YES;
				INFOPLIST_KEY_UISupportedInterfaceOrientations_iPad = "UIInterfaceOrientationPortrait UIInterfaceOrientationPortraitUpsideDown UIInterfaceOrientationLandscapeLeft UIInterfaceOrientationLandscapeRight";
				INFOPLIST_KEY_UISupportedInterfaceOrientations_iPhone = "UIInterfaceOrientationPortrait UIInterfaceOrientationLandscapeLeft UIInterfaceOrientationLandscapeRight";
				LD_RUNPATH_SEARCH_PATHS = (
					"$(inherited)",
					"@executable_path/Frameworks",
				);
				MARKETING_VERSION = 1.0;
				PRODUCT_BUNDLE_IDENTIFIER = Network.CircleRun;
				PRODUCT_NAME = "$(TARGET_NAME)";
				SWIFT_EMIT_LOC_STRINGS = YES;
				SWIFT_VERSION = 5.0;
				TARGETED_DEVICE_FAMILY = "1,2";
			};
			name = Release;
		};
		586E7EED2D9F283B001AA092 /* Debug */ = {
			isa = XCBuildConfiguration;
			buildSettings = {
				BUNDLE_LOADER = "$(TEST_HOST)";
				CODE_SIGN_STYLE = Automatic;
				CURRENT_PROJECT_VERSION = 1;
				GENERATE_INFOPLIST_FILE = YES;
				IPHONEOS_DEPLOYMENT_TARGET = 18.1;
				MARKETING_VERSION = 1.0;
				PRODUCT_BUNDLE_IDENTIFIER = Network.CircleRunTests;
				PRODUCT_NAME = "$(TARGET_NAME)";
				SWIFT_EMIT_LOC_STRINGS = NO;
				SWIFT_VERSION = 5.0;
				TARGETED_DEVICE_FAMILY = "1,2";
				TEST_HOST = "$(BUILT_PRODUCTS_DIR)/CircleRun.app/$(BUNDLE_EXECUTABLE_FOLDER_PATH)/CircleRun";
			};
			name = Debug;
		};
		586E7EEE2D9F283B001AA092 /* Release */ = {
			isa = XCBuildConfiguration;
			buildSettings = {
				BUNDLE_LOADER = "$(TEST_HOST)";
				CODE_SIGN_STYLE = Automatic;
				CURRENT_PROJECT_VERSION = 1;
				GENERATE_INFOPLIST_FILE = YES;
				IPHONEOS_DEPLOYMENT_TARGET = 18.1;
				MARKETING_VERSION = 1.0;
				PRODUCT_BUNDLE_IDENTIFIER = Network.CircleRunTests;
				PRODUCT_NAME = "$(TARGET_NAME)";
				SWIFT_EMIT_LOC_STRINGS = NO;
				SWIFT_VERSION = 5.0;
				TARGETED_DEVICE_FAMILY = "1,2";
				TEST_HOST = "$(BUILT_PRODUCTS_DIR)/CircleRun.app/$(BUNDLE_EXECUTABLE_FOLDER_PATH)/CircleRun";
			};
			name = Release;
		};
		586E7EF02D9F283B001AA092 /* Debug */ = {
			isa = XCBuildConfiguration;
			buildSettings = {
				CODE_SIGN_STYLE = Automatic;
				CURRENT_PROJECT_VERSION = 1;
				GENERATE_INFOPLIST_FILE = YES;
				MARKETING_VERSION = 1.0;
				PRODUCT_BUNDLE_IDENTIFIER = Network.CircleRunUITests;
				PRODUCT_NAME = "$(TARGET_NAME)";
				SWIFT_EMIT_LOC_STRINGS = NO;
				SWIFT_VERSION = 5.0;
				TARGETED_DEVICE_FAMILY = "1,2";
				TEST_TARGET_NAME = CircleRun;
			};
			name = Debug;
		};
		586E7EF12D9F283B001AA092 /* Release */ = {
			isa = XCBuildConfiguration;
			buildSettings = {
				CODE_SIGN_STYLE = Automatic;
				CURRENT_PROJECT_VERSION = 1;
				GENERATE_INFOPLIST_FILE = YES;
				MARKETING_VERSION = 1.0;
				PRODUCT_BUNDLE_IDENTIFIER = Network.CircleRunUITests;
				PRODUCT_NAME = "$(TARGET_NAME)";
				SWIFT_EMIT_LOC_STRINGS = NO;
				SWIFT_VERSION = 5.0;
				TARGETED_DEVICE_FAMILY = "1,2";
				TEST_TARGET_NAME = CircleRun;
			};
			name = Release;
		};
/* End XCBuildConfiguration section */

/* Begin XCConfigurationList section */
		586E7EC02D9F2839001AA092 /* Build configuration list for PBXProject "CircleRun" */ = {
			isa = XCConfigurationList;
			buildConfigurations = (
				586E7EE72D9F283B001AA092 /* Debug */,
				586E7EE82D9F283B001AA092 /* Release */,
			);
			defaultConfigurationIsVisible = 0;
			defaultConfigurationName = Release;
		};
		586E7EE92D9F283B001AA092 /* Build configuration list for PBXNativeTarget "CircleRun" */ = {
			isa = XCConfigurationList;
			buildConfigurations = (
				586E7EEA2D9F283B001AA092 /* Debug */,
				586E7EEB2D9F283B001AA092 /* Release */,
			);
			defaultConfigurationIsVisible = 0;
			defaultConfigurationName = Release;
		};
		586E7EEC2D9F283B001AA092 /* Build configuration list for PBXNativeTarget "CircleRunTests" */ = {
			isa = XCConfigurationList;
			buildConfigurations = (
				586E7EED2D9F283B001AA092 /* Debug */,
				586E7EEE2D9F283B001AA092 /* Release */,
			);
			defaultConfigurationIsVisible = 0;
			defaultConfigurationName = Release;
		};
		586E7EEF2D9F283B001AA092 /* Build configuration list for PBXNativeTarget "CircleRunUITests" */ = {
			isa = XCConfigurationList;
			buildConfigurations = (
				586E7EF02D9F283B001AA092 /* Debug */,
				586E7EF12D9F283B001AA092 /* Release */,
			);
			defaultConfigurationIsVisible = 0;
			defaultConfigurationName = Release;
		};
/* End XCConfigurationList section */

/* Begin XCRemoteSwiftPackageReference section */
		5823C5512DFDEC44005E00A4 /* XCRemoteSwiftPackageReference "mapbox-navigation-ios" */ = {
			isa = XCRemoteSwiftPackageReference;
			repositoryURL = "https://github.com/mapbox/mapbox-navigation-ios.git";
			requirement = {
				kind = upToNextMajorVersion;
				minimumVersion = 2.12.0;
			};
		};
		5853B4642DFDE9FB005B8B8D /* XCRemoteSwiftPackageReference "mapbox-maps-ios" */ = {
			isa = XCRemoteSwiftPackageReference;
			repositoryURL = "https://github.com/mapbox/mapbox-maps-ios";
			requirement = {
				kind = upToNextMajorVersion;
				minimumVersion = 10.12.1;
			};
		};
/* End XCRemoteSwiftPackageReference section */

/* Begin XCSwiftPackageProductDependency section */
		5810F68E2DFDF2D50047AB4F /* MapboxMaps */ = {
			isa = XCSwiftPackageProductDependency;
			package = 5853B4642DFDE9FB005B8B8D /* XCRemoteSwiftPackageReference "mapbox-maps-ios" */;
			productName = MapboxMaps;
		};
		5810F6902DFDF2FF0047AB4F /* MapboxNavigation */ = {
			isa = XCSwiftPackageProductDependency;
			package = 5823C5512DFDEC44005E00A4 /* XCRemoteSwiftPackageReference "mapbox-navigation-ios" */;
			productName = MapboxNavigation;
		};
		5810F6922DFDF3030047AB4F /* MapboxCoreNavigation */ = {
			isa = XCSwiftPackageProductDependency;
			package = 5823C5512DFDEC44005E00A4 /* XCRemoteSwiftPackageReference "mapbox-navigation-ios" */;
			productName = MapboxCoreNavigation;
		};
/* End XCSwiftPackageProductDependency section */
	};
	rootObject = 586E7EBD2D9F2839001AA092 /* Project object */;
}
